
Microsoft Visual Studio Solution File, Format Version 12.00
# Visual Studio Version 17
VisualStudioVersion = 17.5.002.0
MinimumVisualStudioVersion = 10.0.40219.1
Project("{9A19103F-16F7-4668-BE54-9A1E7A4F7556}") = "ApiCSharp", "ApiCSharp.csproj", "{7147D02C-6DFB-4FEA-8E97-D0FE20716107}"
EndProject
Global
	GlobalSection(SolutionConfigurationPlatforms) = preSolution
		Debug|Any CPU = Debug|Any CPU
		Release|Any CPU = Release|Any CPU
	EndGlobalSection
	GlobalSection(ProjectConfigurationPlatforms) = postSolution
		{7147D02C-6DFB-4FEA-8E97-D0FE20716107}.Debug|Any CPU.ActiveCfg = Debug|Any CPU
		{7147D02C-6DFB-4FEA-8E97-D0FE20716107}.Debug|Any CPU.Build.0 = Debug|Any CPU
		{7147D02C-6DFB-4FEA-8E97-D0FE20716107}.Release|Any CPU.ActiveCfg = Release|Any CPU
		{7147D02C-6DFB-4FEA-8E97-D0FE20716107}.Release|Any CPU.Build.0 = Release|Any CPU
	EndGlobalSection
	GlobalSection(SolutionProperties) = preSolution
		HideSolutionNode = FALSE
	EndGlobalSection
	GlobalSection(ExtensibilityGlobals) = postSolution
		SolutionGuid = {8242CFB0-F5C6-4B50-B055-C5B0B8DBACCE}
	EndGlobalSection
EndGlobal
